
Microsoft Visual Studio Solution File, Format Version 12.00
# Visual Studio Version 16
VisualStudioVersion = 16.0.33214.272
MinimumVisualStudioVersion = 10.0.40219.1
Project("{FAE04EC0-301F-11D3-BF4B-00C04F79EFBC}") = "ServiciosPublicitarios.API", "ServiciosPublicitarios.API\ServiciosPublicitarios.API.csproj", "{3E866E14-DA1C-4F2E-8B33-5312B8B99562}"
EndProject
Project("{FAE04EC0-301F-11D3-BF4B-00C04F79EFBC}") = "ServiciosPublicitarios.Entities", "ServiciosPublicitarios.Entities\ServiciosPublicitarios.Entities.csproj", "{E05C1514-FEC0-4BF9-9392-EA0E57C02FB9}"
EndProject
Project("{FAE04EC0-301F-11D3-BF4B-00C04F79EFBC}") = "ServiciosPublicitarios.DataAccess", "ServiciosPublicitarios.DataAccess\ServiciosPublicitarios.DataAccess.csproj", "{26B119AC-1193-48FA-A6F1-7E6A7FDD12BA}"
EndProject
Project("{FAE04EC0-301F-11D3-BF4B-00C04F79EFBC}") = "ServiciosPublicitarios.BusinessLogic", "ServiciosPublicitarios.BusinessLogic\ServiciosPublicitarios.BusinessLogic.csproj", "{8E459F63-6481-4019-9F3C-B6E97789BD37}"
EndProject
Global
	GlobalSection(SolutionConfigurationPlatforms) = preSolution
		Debug|Any CPU = Debug|Any CPU
		Release|Any CPU = Release|Any CPU
	EndGlobalSection
	GlobalSection(ProjectConfigurationPlatforms) = postSolution
		{3E866E14-DA1C-4F2E-8B33-5312B8B99562}.Debug|Any CPU.ActiveCfg = Debug|Any CPU
		{3E866E14-DA1C-4F2E-8B33-5312B8B99562}.Debug|Any CPU.Build.0 = Debug|Any CPU
		{3E866E14-DA1C-4F2E-8B33-5312B8B99562}.Release|Any CPU.ActiveCfg = Release|Any CPU
		{3E866E14-DA1C-4F2E-8B33-5312B8B99562}.Release|Any CPU.Build.0 = Release|Any CPU
		{E05C1514-FEC0-4BF9-9392-EA0E57C02FB9}.Debug|Any CPU.ActiveCfg = Debug|Any CPU
		{E05C1514-FEC0-4BF9-9392-EA0E57C02FB9}.Debug|Any CPU.Build.0 = Debug|Any CPU
		{E05C1514-FEC0-4BF9-9392-EA0E57C02FB9}.Release|Any CPU.ActiveCfg = Release|Any CPU
		{E05C1514-FEC0-4BF9-9392-EA0E57C02FB9}.Release|Any CPU.Build.0 = Release|Any CPU
		{26B119AC-1193-48FA-A6F1-7E6A7FDD12BA}.Debug|Any CPU.ActiveCfg = Debug|Any CPU
		{26B119AC-1193-48FA-A6F1-7E6A7FDD12BA}.Debug|Any CPU.Build.0 = Debug|Any CPU
		{26B119AC-1193-48FA-A6F1-7E6A7FDD12BA}.Release|Any CPU.ActiveCfg = Release|Any CPU
		{26B119AC-1193-48FA-A6F1-7E6A7FDD12BA}.Release|Any CPU.Build.0 = Release|Any CPU
		{8E459F63-6481-4019-9F3C-B6E97789BD37}.Debug|Any CPU.ActiveCfg = Debug|Any CPU
		{8E459F63-6481-4019-9F3C-B6E97789BD37}.Debug|Any CPU.Build.0 = Debug|Any CPU
		{8E459F63-6481-4019-9F3C-B6E97789BD37}.Release|Any CPU.ActiveCfg = Release|Any CPU
		{8E459F63-6481-4019-9F3C-B6E97789BD37}.Release|Any CPU.Build.0 = Release|Any CPU
	EndGlobalSection
	GlobalSection(SolutionProperties) = preSolution
		HideSolutionNode = FALSE
	EndGlobalSection
	GlobalSection(ExtensibilityGlobals) = postSolution
		SolutionGuid = {5FB068BC-1C72-460F-A295-2C23B2986982}
	EndGlobalSection
EndGlobal
